# This file is automatically @generated by Cargo.
# It is not intended for manual editing.
version = 3

[[package]]
name = "open-vector-tile"
version = "0.1.0"
dependencies = [
 "pbf",
]

[[package]]
name = "pbf"
version = "0.1.5"
source = "registry+https://github.com/rust-lang/crates.io-index"
checksum = "dfc9a9062d00dd233e6c7c0b9fa1652a206338ae7825d77476783320b174b596"
