# This file is automatically @generated by Cargo.
# It is not intended for manual editing.
version = 3

[[package]]
name = "open-vector-tile"
version = "0.1.0"
dependencies = [
 "pbf",
]

[[package]]
name = "pbf"
version = "0.1.4"
source = "registry+https://github.com/rust-lang/crates.io-index"
checksum = "99c1ec24f82ca05c0fdf9d45cb7a85727840fa89f5e9974655d3b8a35be1af7e"
